github.com/aws/aws-lambda-go v1.46.0 h1:UWVnvh2h2gecOlFhHQfIPQcD8pL/f7pVCutmFl+oXU8=
github.com/aws/aws-lambda-go v1.46.0/go.mod h1:dpMpZgvWx5vuQJfBt0zqBha60q7Dd7RfgJv23DymV8A=
github.com/aws/aws-sdk-go-v2 v1.41.3 h1:4kQ/fa22KjDt13QCy1+bYADvdgcxpfH18f0zP542kZA=
github.com/aws/aws-sdk-go-v2 v1.41.3/go.mod h1:mwsPRE8ceUUpiTgF7QmQIJ7lgsKUPQOUl3o72QBrE1o=
github.com/aws/aws-sdk-go-v2/aws/protocol/eventstream v1.7.6 h1:N4lRUXZpZ1KVEUn6hxtco/1d2lgYhNn1fHkkl8WhlyQ=
github.com/aws/aws-sdk-go-v2/aws/protocol/eventstream v1.7.6/go.mod h1:lyw7GFp3qENLh7kwzf7iMzAxDn+NzjXEAGjKS2UOKqI=
github.com/aws/aws-sdk-go-v2/config v1.27.9 h1:gRx/NwpNEFSk+yQlgmk1bmxxvQ5TyJ76CWXs9XScTqg=
github.com/aws/aws-sdk-go-v2/config v1.27.9/go.mod h1:dK1FQfpwpql83kbD873E9vz4FyAxuJtR22wzoXn3qq0=
github.com/aws/aws-sdk-go-v2/credentials v1.17.9 h1:N8s0/7yW+h8qR8WaRlPQeJ6czVMNQVNtNdUqf6cItao=
github.com/aws/aws-sdk-go-v2/credentials v1.17.9/go.mod h1:446YhIdmSV0Jf/SLafGZalQo+xr2iw7/fzXGDPTU1yQ=
github.com/aws/aws-sdk-go-v2/feature/ec2/imds v1.16.0 h1:af5YzcLf80tv4Em4jWVD75lpnOHSBkPUZxZfGkrI3HI=
github.com/aws/aws-sdk-go-v2/feature/ec2/imds v1.16.0/go.mod h1:nQ3how7DMnFMWiU1SpECohgC82fpn4cKZ875NDMmwtA=
github.com/aws/aws-sdk-go-v2/internal/configsources v1.4.19 h1:/sECfyq2JTifMI2JPyZ4bdRN77zJmr6SrS1eL3augIA=
github.com/aws/aws-sdk-go-v2/internal/configsources v1.4.19/go.mod h1:dMf8A5oAqr9/oxOfLkC/c2LU/uMcALP0Rgn2BD5LWn0=
github.com/aws/aws-sdk-go-v2/internal/endpoints/v2 v2.7.19 h1:AWeJMk33GTBf6J20XJe6qZoRSJo0WfUhsMdUKhoODXE=
github.com/aws/aws-sdk-go-v2/internal/endpoints/v2 v2.7.19/go.mod h1:+GWrYoaAsV7/4pNHpwh1kiNLXkKaSoppxQq9lbH8Ejw=
github.com/aws/aws-sdk-go-v2/internal/ini v1.8.0 h1:hT8rVHwugYE2lEfdFE0QWVo81lF7jMrYJVDWI+f+VxU=
github.com/aws/aws-sdk-go-v2/internal/ini v1.8.0/go.mod h1:8tu/lYfQfFe6IGnaOdrpVgEL2IrrDOf6/m9RQum4NkY=
github.com/aws/aws-sdk-go-v2/service/internal/accept-encoding v1.11.1 h1:EyBZibRTVAs6ECHZOw5/wlylS9OcTzwyjeQMudmREjE=
github.com/aws/aws-sdk-go-v2/service/internal/accept-encoding v1.11.1/go.mod h1:JKpmtYhhPs7D97NL/ltqz7yCkERFW5dOlHyVl66ZYF8=
github.com/aws/aws-sdk-go-v2/service/internal/presigned-url v1.11.6 h1:b+E7zIUHMmcB4Dckjpkapoy47W6C9QBv/zoUP+Hn8Kc=
github.com/aws/aws-sdk-go-v2/service/internal/presigned-url v1.11.6/go.mod h1:S2fNV0rxrP78NhPbCZeQgY8H9jdDMeGtwcfZIRxzBqU=
github.com/aws/aws-sdk-go-v2/service/lambda v1.88.2 h1:j+IFEtr7aykD6jJRE86kv/+TgN1UK90LudBuz2bjjYw=
github.com/aws/aws-sdk-go-v2/service/lambda v1.88.2/go.mod h1:IDvS3hFp41ZJTByY7BO8PNgQkPNeQDjJfU/0cHJ2V4o=
github.com/aws/aws-sdk-go-v2/service/sso v1.20.3 h1:mnbuWHOcM70/OFUlZZ5rcdfA8PflGXXiefU/O+1S3+8=
github.com/aws/aws-sdk-go-v2/service/sso v1.20.3/go.mod h1:5HFu51Elk+4oRBZVxmHrSds5jFXmFj8C3w7DVF2gnrs=
github.com/aws/aws-sdk-go-v2/service/ssooidc v1.23.3 h1:uLq0BKatTmDzWa/Nu4WO0M1AaQDaPpwTKAeByEc6WFM=
github.com/aws/aws-sdk-go-v2/service/ssooidc v1.23.3/go.mod h1:b+qdhjnxj8GSR6t5YfphOffeoQSQ1KmpoVVuBn+PWxs=
github.com/aws/aws-sdk-go-v2/service/sts v1.28.5 h1:J/PpTf/hllOjx8Xu9DMflff3FajfLxqM5+tepvVXmxg=
github.com/aws/aws-sdk-go-v2/service/sts v1.28.5/go.mod h1:0ih0Z83YDH/QeQ6Ori2yGE2XvWYv/Xm+cZc01LC6oK0=
github.com/aws/smithy-go v1.24.2 h1:FzA3bu/nt/vDvmnkg+R8Xl46gmzEDam6mZ1hzmwXFng=
github.com/aws/smithy-go v1.24.2/go.mod h1:YE2RhdIuDbA5E5bTdciG9KrW3+TiEONeUWCqxX9i1Fc=
github.com/davecgh/go-spew v1.1.1 h1:vj9j/u1bqnvCEfJOwUhtlOARqs3+rkHYY13jYWTU97c=
github.com/davecgh/go-spew v1.1.1/go.mod h1:J7Y8YcW2NihsgmVo/mv3lAwl/skON4iLHjSsI+c5H38=
github.com/pmezard/go-difflib v1.0.0 h1:4DBwDE0NGyQoBHbLQYPwSUPoCMWR5BEzIk/f1lZbAQM=
github.com/pmezard/go-difflib v1.0.0/go.mod h1:iKH77koFhYxTK1pcRnkKkqfTogsbg7gZNVY4sRDYZ/4=
github.com/stretchr/testify v1.7.2 h1:4jaiDzPyXQvSd7D0EjG45355tLlV3VOECpq10pLC+8s=
github.com/stretchr/testify v1.7.2/go.mod h1:R6va5+xMeoiuVRoj+gSkQ7d3FALtqAAGI1FQKckRals=
gopkg.in/yaml.v3 v3.0.1 h1:fxVm/GzAzEWqLHuvctI91KS9hhNmmWOoWu0XTYJS7CA=
gopkg.in/yaml.v3 v3.0.1/go.mod h1:K4uyk7z7BCEPqu6E+C64Yfv1cQ7kz7rIZviUmN+EgEM=
